// !$*UTF8*$!
{
	archiveVersion = 1;
	classes = {
	};
	objectVersion = 56;
	objects = {

/* Begin PBXBuildFile section */
		780E2B652C5FE8F800E79BEC /* AnimalsModel.swift in Sources */ = {isa = PBXBuildFile; fileRef = 780E2B642C5FE8F800E79BEC /* AnimalsModel.swift */; };
		780E2B672C60243300E79BEC /* CoverModel.swift in Sources */ = {isa = PBXBuildFile; fileRef = 780E2B662C60243300E79BEC /* CoverModel.swift */; };
		780E2B692C60247300E79BEC /* LocationModel.swift in Sources */ = {isa = PBXBuildFile; fileRef = 780E2B682C60247300E79BEC /* LocationModel.swift */; };
		780E2B6B2C60249800E79BEC /* VideoModel.swift in Sources */ = {isa = PBXBuildFile; fileRef = 780E2B6A2C60249800E79BEC /* VideoModel.swift */; };
		781F8C902C5EDE3C00C59591 /* AfricaApp.swift in Sources */ = {isa = PBXBuildFile; fileRef = 781F8C8F2C5EDE3C00C59591 /* AfricaApp.swift */; };
		781F8C922C5EDE3C00C59591 /* ContentView.swift in Sources */ = {isa = PBXBuildFile; fileRef = 781F8C912C5EDE3C00C59591 /* ContentView.swift */; };
		781F8C942C5EDE3F00C59591 /* Assets.xcassets in Resources */ = {isa = PBXBuildFile; fileRef = 781F8C932C5EDE3F00C59591 /* Assets.xcassets */; };
		781F8C982C5EDE3F00C59591 /* Preview Assets.xcassets in Resources */ = {isa = PBXBuildFile; fileRef = 781F8C972C5EDE3F00C59591 /* Preview Assets.xcassets */; };
		781F8CA22C5EDE4000C59591 /* AfricaTests.swift in Sources */ = {isa = PBXBuildFile; fileRef = 781F8CA12C5EDE4000C59591 /* AfricaTests.swift */; };
		781F8CAC2C5EDE4000C59591 /* AfricaUITests.swift in Sources */ = {isa = PBXBuildFile; fileRef = 781F8CAB2C5EDE4000C59591 /* AfricaUITests.swift */; };
		781F8CAE2C5EDE4000C59591 /* AfricaUITestsLaunchTests.swift in Sources */ = {isa = PBXBuildFile; fileRef = 781F8CAD2C5EDE4000C59591 /* AfricaUITestsLaunchTests.swift */; };
		7860F18A2C5EE1CD0089ABAB /* cheetah.mp4 in Resources */ = {isa = PBXBuildFile; fileRef = 7860F1802C5EE1CA0089ABAB /* cheetah.mp4 */; };
		7860F18B2C5EE1CD0089ABAB /* elephant.mp4 in Resources */ = {isa = PBXBuildFile; fileRef = 7860F1812C5EE1CA0089ABAB /* elephant.mp4 */; };
		7860F18C2C5EE1CD0089ABAB /* lioness.mp4 in Resources */ = {isa = PBXBuildFile; fileRef = 7860F1822C5EE1CA0089ABAB /* lioness.mp4 */; };
		7860F18D2C5EE1CD0089ABAB /* hippo.mp4 in Resources */ = {isa = PBXBuildFile; fileRef = 7860F1832C5EE1CB0089ABAB /* hippo.mp4 */; };
		7860F18E2C5EE1CD0089ABAB /* ostrich.mp4 in Resources */ = {isa = PBXBuildFile; fileRef = 7860F1842C5EE1CB0089ABAB /* ostrich.mp4 */; };
		7860F18F2C5EE1CD0089ABAB /* rhino.mp4 in Resources */ = {isa = PBXBuildFile; fileRef = 7860F1852C5EE1CC0089ABAB /* rhino.mp4 */; };
		7860F1902C5EE1CD0089ABAB /* giraffe.mp4 in Resources */ = {isa = PBXBuildFile; fileRef = 7860F1862C5EE1CC0089ABAB /* giraffe.mp4 */; };
		7860F1912C5EE1CD0089ABAB /* gorilla.mp4 in Resources */ = {isa = PBXBuildFile; fileRef = 7860F1872C5EE1CC0089ABAB /* gorilla.mp4 */; };
		7860F1922C5EE1CD0089ABAB /* lion.mp4 in Resources */ = {isa = PBXBuildFile; fileRef = 7860F1882C5EE1CD0089ABAB /* lion.mp4 */; };
		7860F1932C5EE1CD0089ABAB /* zebra.mp4 in Resources */ = {isa = PBXBuildFile; fileRef = 7860F1892C5EE1CD0089ABAB /* zebra.mp4 */; };
		7860F1992C5EE22A0089ABAB /* covers.json in Resources */ = {isa = PBXBuildFile; fileRef = 7860F1952C5EE22A0089ABAB /* covers.json */; };
		7860F19A2C5EE22A0089ABAB /* locations.json in Resources */ = {isa = PBXBuildFile; fileRef = 7860F1962C5EE22A0089ABAB /* locations.json */; };
		7860F19B2C5EE22A0089ABAB /* videos.json in Resources */ = {isa = PBXBuildFile; fileRef = 7860F1972C5EE22A0089ABAB /* videos.json */; };
		7860F19C2C5EE22A0089ABAB /* animals.json in Resources */ = {isa = PBXBuildFile; fileRef = 7860F1982C5EE22A0089ABAB /* animals.json */; };
		7860F19F2C5EE3C90089ABAB /* .gitignore in Resources */ = {isa = PBXBuildFile; fileRef = 7860F19E2C5EE3C90089ABAB /* .gitignore */; };
/* End PBXBuildFile section */

/* Begin PBXContainerItemProxy section */
		781F8C9E2C5EDE4000C59591 /* PBXContainerItemProxy */ = {
			isa = PBXContainerItemProxy;
			containerPortal = 781F8C842C5EDE3C00C59591 /* Project object */;
			proxyType = 1;
			remoteGlobalIDString = 781F8C8B2C5EDE3C00C59591;
			remoteInfo = Africa;
		};
		781F8CA82C5EDE4000C59591 /* PBXContainerItemProxy */ = {
			isa = PBXContainerItemProxy;
			containerPortal = 781F8C842C5EDE3C00C59591 /* Project object */;
			proxyType = 1;
			remoteGlobalIDString = 781F8C8B2C5EDE3C00C59591;
			remoteInfo = Africa;
		};
/* End PBXContainerItemProxy section */

/* Begin PBXFileReference section */
		780E2B642C5FE8F800E79BEC /* AnimalsModel.swift */ = {isa = PBXFileReference; lastKnownFileType = sourcecode.swift; path = AnimalsModel.swift; sourceTree = "<group>"; };
		780E2B662C60243300E79BEC /* CoverModel.swift */ = {isa = PBXFileReference; lastKnownFileType = sourcecode.swift; path = CoverModel.swift; sourceTree = "<group>"; };
		780E2B682C60247300E79BEC /* LocationModel.swift */ = {isa = PBXFileReference; lastKnownFileType = sourcecode.swift; path = LocationModel.swift; sourceTree = "<group>"; };
		780E2B6A2C60249800E79BEC /* VideoModel.swift */ = {isa = PBXFileReference; lastKnownFileType = sourcecode.swift; path = VideoModel.swift; sourceTree = "<group>"; };
		781F8C8C2C5EDE3C00C59591 /* Africa.app */ = {isa = PBXFileReference; explicitFileType = wrapper.application; includeInIndex = 0; path = Africa.app; sourceTree = BUILT_PRODUCTS_DIR; };
		781F8C8F2C5EDE3C00C59591 /* AfricaApp.swift */ = {isa = PBXFileReference; lastKnownFileType = sourcecode.swift; path = AfricaApp.swift; sourceTree = "<group>"; };
		781F8C912C5EDE3C00C59591 /* ContentView.swift */ = {isa = PBXFileReference; lastKnownFileType = sourcecode.swift; path = ContentView.swift; sourceTree = "<group>"; };
		781F8C932C5EDE3F00C59591 /* Assets.xcassets */ = {isa = PBXFileReference; lastKnownFileType = folder.assetcatalog; path = Assets.xcassets; sourceTree = "<group>"; };
		781F8C952C5EDE3F00C59591 /* Africa.entitlements */ = {isa = PBXFileReference; lastKnownFileType = text.plist.entitlements; path = Africa.entitlements; sourceTree = "<group>"; };
		781F8C972C5EDE3F00C59591 /* Preview Assets.xcassets */ = {isa = PBXFileReference; lastKnownFileType = folder.assetcatalog; path = "Preview Assets.xcassets"; sourceTree = "<group>"; };
		781F8C9D2C5EDE4000C59591 /* AfricaTests.xctest */ = {isa = PBXFileReference; explicitFileType = wrapper.cfbundle; includeInIndex = 0; path = AfricaTests.xctest; sourceTree = BUILT_PRODUCTS_DIR; };
		781F8CA12C5EDE4000C59591 /* AfricaTests.swift */ = {isa = PBXFileReference; lastKnownFileType = sourcecode.swift; path = AfricaTests.swift; sourceTree = "<group>"; };
		781F8CA72C5EDE4000C59591 /* AfricaUITests.xctest */ = {isa = PBXFileReference; explicitFileType = wrapper.cfbundle; includeInIndex = 0; path = AfricaUITests.xctest; sourceTree = BUILT_PRODUCTS_DIR; };
		781F8CAB2C5EDE4000C59591 /* AfricaUITests.swift */ = {isa = PBXFileReference; lastKnownFileType = sourcecode.swift; path = AfricaUITests.swift; sourceTree = "<group>"; };
		781F8CAD2C5EDE4000C59591 /* AfricaUITestsLaunchTests.swift */ = {isa = PBXFileReference; lastKnownFileType = sourcecode.swift; path = AfricaUITestsLaunchTests.swift; sourceTree = "<group>"; };
		7860F1802C5EE1CA0089ABAB /* cheetah.mp4 */ = {isa = PBXFileReference; lastKnownFileType = file; path = cheetah.mp4; sourceTree = "<group>"; };
		7860F1812C5EE1CA0089ABAB /* elephant.mp4 */ = {isa = PBXFileReference; lastKnownFileType = file; path = elephant.mp4; sourceTree = "<group>"; };
		7860F1822C5EE1CA0089ABAB /* lioness.mp4 */ = {isa = PBXFileReference; lastKnownFileType = file; path = lioness.mp4; sourceTree = "<group>"; };
		7860F1832C5EE1CB0089ABAB /* hippo.mp4 */ = {isa = PBXFileReference; lastKnownFileType = file; path = hippo.mp4; sourceTree = "<group>"; };
		7860F1842C5EE1CB0089ABAB /* ostrich.mp4 */ = {isa = PBXFileReference; lastKnownFileType = file; path = ostrich.mp4; sourceTree = "<group>"; };
		7860F1852C5EE1CC0089ABAB /* rhino.mp4 */ = {isa = PBXFileReference; lastKnownFileType = file; path = rhino.mp4; sourceTree = "<group>"; };
		7860F1862C5EE1CC0089ABAB /* giraffe.mp4 */ = {isa = PBXFileReference; lastKnownFileType = file; path = giraffe.mp4; sourceTree = "<group>"; };
		7860F1872C5EE1CC0089ABAB /* gorilla.mp4 */ = {isa = PBXFileReference; lastKnownFileType = file; path = gorilla.mp4; sourceTree = "<group>"; };
		7860F1882C5EE1CD0089ABAB /* lion.mp4 */ = {isa = PBXFileReference; lastKnownFileType = file; path = lion.mp4; sourceTree = "<group>"; };
		7860F1892C5EE1CD0089ABAB /* zebra.mp4 */ = {isa = PBXFileReference; lastKnownFileType = file; path = zebra.mp4; sourceTree = "<group>"; };
		7860F1952C5EE22A0089ABAB /* covers.json */ = {isa = PBXFileReference; fileEncoding = 4; lastKnownFileType = text.json; path = covers.json; sourceTree = "<group>"; };
		7860F1962C5EE22A0089ABAB /* locations.json */ = {isa = PBXFileReference; fileEncoding = 4; lastKnownFileType = text.json; path = locations.json; sourceTree = "<group>"; };
		7860F1972C5EE22A0089ABAB /* videos.json */ = {isa = PBXFileReference; fileEncoding = 4; lastKnownFileType = text.json; path = videos.json; sourceTree = "<group>"; };
		7860F1982C5EE22A0089ABAB /* animals.json */ = {isa = PBXFileReference; fileEncoding = 4; lastKnownFileType = text.json; path = animals.json; sourceTree = "<group>"; };
		7860F19E2C5EE3C90089ABAB /* .gitignore */ = {isa = PBXFileReference; fileEncoding = 4; lastKnownFileType = text; name = .gitignore; path = ../../.gitignore; sourceTree = "<group>"; };
/* End PBXFileReference section */

/* Begin PBXFrameworksBuildPhase section */
		781F8C892C5EDE3C00C59591 /* Frameworks */ = {
			isa = PBXFrameworksBuildPhase;
			buildActionMask = 2147483647;
			files = (
			);
			runOnlyForDeploymentPostprocessing = 0;
		};
		781F8C9A2C5EDE4000C59591 /* Frameworks */ = {
			isa = PBXFrameworksBuildPhase;
			buildActionMask = 2147483647;
			files = (
			);
			runOnlyForDeploymentPostprocessing = 0;
		};
		781F8CA42C5EDE4000C59591 /* Frameworks */ = {
			isa = PBXFrameworksBuildPhase;
			buildActionMask = 2147483647;
			files = (
			);
			runOnlyForDeploymentPostprocessing = 0;
		};
/* End PBXFrameworksBuildPhase section */

/* Begin PBXGroup section */
		780E2B632C5FE8E400E79BEC /* Models */ = {
			isa = PBXGroup;
			children = (
				780E2B642C5FE8F800E79BEC /* AnimalsModel.swift */,
				780E2B662C60243300E79BEC /* CoverModel.swift */,
				780E2B682C60247300E79BEC /* LocationModel.swift */,
				780E2B6A2C60249800E79BEC /* VideoModel.swift */,
			);
			path = Models;
			sourceTree = "<group>";
		};
		781F8C832C5EDE3C00C59591 = {
			isa = PBXGroup;
			children = (
				7860F19D2C5EE39A0089ABAB /* SCM */,
				781F8C8E2C5EDE3C00C59591 /* Africa */,
				781F8CA02C5EDE4000C59591 /* AfricaTests */,
				781F8CAA2C5EDE4000C59591 /* AfricaUITests */,
				781F8C8D2C5EDE3C00C59591 /* Products */,
			);
			sourceTree = "<group>";
		};
		781F8C8D2C5EDE3C00C59591 /* Products */ = {
			isa = PBXGroup;
			children = (
				781F8C8C2C5EDE3C00C59591 /* Africa.app */,
				781F8C9D2C5EDE4000C59591 /* AfricaTests.xctest */,
				781F8CA72C5EDE4000C59591 /* AfricaUITests.xctest */,
			);
			name = Products;
			sourceTree = "<group>";
		};
		781F8C8E2C5EDE3C00C59591 /* Africa */ = {
			isa = PBXGroup;
			children = (
				781F8C952C5EDE3F00C59591 /* Africa.entitlements */,
				781F8C8F2C5EDE3C00C59591 /* AfricaApp.swift */,
				781F8C912C5EDE3C00C59591 /* ContentView.swift */,
				781F8C932C5EDE3F00C59591 /* Assets.xcassets */,
				7860F1942C5EE2150089ABAB /* Data */,
				780E2B632C5FE8E400E79BEC /* Models */,
				781F8C962C5EDE3F00C59591 /* Preview Content */,
				7860F17F2C5EE1A80089ABAB /* Video */,
			);
			path = Africa;
			sourceTree = "<group>";
		};
		781F8C962C5EDE3F00C59591 /* Preview Content */ = {
			isa = PBXGroup;
			children = (
				781F8C972C5EDE3F00C59591 /* Preview Assets.xcassets */,
			);
			path = "Preview Content";
			sourceTree = "<group>";
		};
		781F8CA02C5EDE4000C59591 /* AfricaTests */ = {
			isa = PBXGroup;
			children = (
				781F8CA12C5EDE4000C59591 /* AfricaTests.swift */,
			);
			path = AfricaTests;
			sourceTree = "<group>";
		};
		781F8CAA2C5EDE4000C59591 /* AfricaUITests */ = {
			isa = PBXGroup;
			children = (
				781F8CAB2C5EDE4000C59591 /* AfricaUITests.swift */,
				781F8CAD2C5EDE4000C59591 /* AfricaUITestsLaunchTests.swift */,
			);
			path = AfricaUITests;
			sourceTree = "<group>";
		};
		7860F17F2C5EE1A80089ABAB /* Video */ = {
			isa = PBXGroup;
			children = (
				7860F1802C5EE1CA0089ABAB /* cheetah.mp4 */,
				7860F1812C5EE1CA0089ABAB /* elephant.mp4 */,
				7860F1862C5EE1CC0089ABAB /* giraffe.mp4 */,
				7860F1872C5EE1CC0089ABAB /* gorilla.mp4 */,
				7860F1832C5EE1CB0089ABAB /* hippo.mp4 */,
				7860F1882C5EE1CD0089ABAB /* lion.mp4 */,
				7860F1822C5EE1CA0089ABAB /* lioness.mp4 */,
				7860F1842C5EE1CB0089ABAB /* ostrich.mp4 */,
				7860F1852C5EE1CC0089ABAB /* rhino.mp4 */,
				7860F1892C5EE1CD0089ABAB /* zebra.mp4 */,
			);
			path = Video;
			sourceTree = "<group>";
		};
		7860F1942C5EE2150089ABAB /* Data */ = {
			isa = PBXGroup;
			children = (
				7860F1982C5EE22A0089ABAB /* animals.json */,
				7860F1952C5EE22A0089ABAB /* covers.json */,
				7860F1962C5EE22A0089ABAB /* locations.json */,
				7860F1972C5EE22A0089ABAB /* videos.json */,
			);
			path = Data;
			sourceTree = "<group>";
		};
		7860F19D2C5EE39A0089ABAB /* SCM */ = {
			isa = PBXGroup;
			children = (
				7860F19E2C5EE3C90089ABAB /* .gitignore */,
			);
			path = SCM;
			sourceTree = "<group>";
		};
/* End PBXGroup section */

/* Begin PBXNativeTarget section */
		781F8C8B2C5EDE3C00C59591 /* Africa */ = {
			isa = PBXNativeTarget;
			buildConfigurationList = 781F8CB12C5EDE4000C59591 /* Build configuration list for PBXNativeTarget "Africa" */;
			buildPhases = (
				781F8C882C5EDE3C00C59591 /* Sources */,
				781F8C892C5EDE3C00C59591 /* Frameworks */,
				781F8C8A2C5EDE3C00C59591 /* Resources */,
			);
			buildRules = (
			);
			dependencies = (
			);
			name = Africa;
			productName = Africa;
			productReference = 781F8C8C2C5EDE3C00C59591 /* Africa.app */;
			productType = "com.apple.product-type.application";
		};
		781F8C9C2C5EDE4000C59591 /* AfricaTests */ = {
			isa = PBXNativeTarget;
			buildConfigurationList = 781F8CB42C5EDE4000C59591 /* Build configuration list for PBXNativeTarget "AfricaTests" */;
			buildPhases = (
				781F8C992C5EDE4000C59591 /* Sources */,
				781F8C9A2C5EDE4000C59591 /* Frameworks */,
				781F8C9B2C5EDE4000C59591 /* Resources */,
			);
			buildRules = (
			);
			dependencies = (
				781F8C9F2C5EDE4000C59591 /* PBXTargetDependency */,
			);
			name = AfricaTests;
			productName = AfricaTests;
			productReference = 781F8C9D2C5EDE4000C59591 /* AfricaTests.xctest */;
			productType = "com.apple.product-type.bundle.unit-test";
		};
		781F8CA62C5EDE4000C59591 /* AfricaUITests */ = {
			isa = PBXNativeTarget;
			buildConfigurationList = 781F8CB72C5EDE4000C59591 /* Build configuration list for PBXNativeTarget "AfricaUITests" */;
			buildPhases = (
				781F8CA32C5EDE4000C59591 /* Sources */,
				781F8CA42C5EDE4000C59591 /* Frameworks */,
				781F8CA52C5EDE4000C59591 /* Resources */,
			);
			buildRules = (
			);
			dependencies = (
				781F8CA92C5EDE4000C59591 /* PBXTargetDependency */,
			);
			name = AfricaUITests;
			productName = AfricaUITests;
			productReference = 781F8CA72C5EDE4000C59591 /* AfricaUITests.xctest */;
			productType = "com.apple.product-type.bundle.ui-testing";
		};
/* End PBXNativeTarget section */

/* Begin PBXProject section */
		781F8C842C5EDE3C00C59591 /* Project object */ = {
			isa = PBXProject;
			attributes = {
				BuildIndependentTargetsInParallel = 1;
				LastSwiftUpdateCheck = 1520;
				LastUpgradeCheck = 1520;
				TargetAttributes = {
					781F8C8B2C5EDE3C00C59591 = {
						CreatedOnToolsVersion = 15.2;
					};
					781F8C9C2C5EDE4000C59591 = {
						CreatedOnToolsVersion = 15.2;
						TestTargetID = 781F8C8B2C5EDE3C00C59591;
					};
					781F8CA62C5EDE4000C59591 = {
						CreatedOnToolsVersion = 15.2;
						TestTargetID = 781F8C8B2C5EDE3C00C59591;
					};
				};
			};
			buildConfigurationList = 781F8C872C5EDE3C00C59591 /* Build configuration list for PBXProject "Africa" */;
			compatibilityVersion = "Xcode 14.0";
			developmentRegion = en;
			hasScannedForEncodings = 0;
			knownRegions = (
				en,
				Base,
			);
			mainGroup = 781F8C832C5EDE3C00C59591;
			productRefGroup = 781F8C8D2C5EDE3C00C59591 /* Products */;
			projectDirPath = "";
			projectRoot = "";
			targets = (
				781F8C8B2C5EDE3C00C59591 /* Africa */,
				781F8C9C2C5EDE4000C59591 /* AfricaTests */,
				781F8CA62C5EDE4000C59591 /* AfricaUITests */,
			);
		};
/* End PBXProject section */

/* Begin PBXResourcesBuildPhase section */
		781F8C8A2C5EDE3C00C59591 /* Resources */ = {
			isa = PBXResourcesBuildPhase;
			buildActionMask = 2147483647;
			files = (
				7860F19A2C5EE22A0089ABAB /* locations.json in Resources */,
				7860F1992C5EE22A0089ABAB /* covers.json in Resources */,
				7860F19B2C5EE22A0089ABAB /* videos.json in Resources */,
				7860F18F2C5EE1CD0089ABAB /* rhino.mp4 in Resources */,
				7860F19F2C5EE3C90089ABAB /* .gitignore in Resources */,
				7860F18B2C5EE1CD0089ABAB /* elephant.mp4 in Resources */,
				7860F1912C5EE1CD0089ABAB /* gorilla.mp4 in Resources */,
				7860F18E2C5EE1CD0089ABAB /* ostrich.mp4 in Resources */,
				7860F1932C5EE1CD0089ABAB /* zebra.mp4 in Resources */,
				781F8C982C5EDE3F00C59591 /* Preview Assets.xcassets in Resources */,
				7860F19C2C5EE22A0089ABAB /* animals.json in Resources */,
				7860F18C2C5EE1CD0089ABAB /* lioness.mp4 in Resources */,
				781F8C942C5EDE3F00C59591 /* Assets.xcassets in Resources */,
				7860F18D2C5EE1CD0089ABAB /* hippo.mp4 in Resources */,
				7860F1922C5EE1CD0089ABAB /* lion.mp4 in Resources */,
				7860F18A2C5EE1CD0089ABAB /* cheetah.mp4 in Resources */,
				7860F1902C5EE1CD0089ABAB /* giraffe.mp4 in Resources */,
			);
			runOnlyForDeploymentPostprocessing = 0;
		};
		781F8C9B2C5EDE4000C59591 /* Resources */ = {
			isa = PBXResourcesBuildPhase;
			buildActionMask = 2147483647;
			files = (
			);
			runOnlyForDeploymentPostprocessing = 0;
		};
		781F8CA52C5EDE4000C59591 /* Resources */ = {
			isa = PBXResourcesBuildPhase;
			buildActionMask = 2147483647;
			files = (
			);
			runOnlyForDeploymentPostprocessing = 0;
		};
/* End PBXResourcesBuildPhase section */

/* Begin PBXSourcesBuildPhase section */
		781F8C882C5EDE3C00C59591 /* Sources */ = {
			isa = PBXSourcesBuildPhase;
			buildActionMask = 2147483647;
			files = (
				781F8C922C5EDE3C00C59591 /* ContentView.swift in Sources */,
				780E2B652C5FE8F800E79BEC /* AnimalsModel.swift in Sources */,
				781F8C902C5EDE3C00C59591 /* AfricaApp.swift in Sources */,
				780E2B6B2C60249800E79BEC /* VideoModel.swift in Sources */,
				780E2B692C60247300E79BEC /* LocationModel.swift in Sources */,
				780E2B672C60243300E79BEC /* CoverModel.swift in Sources */,
			);
			runOnlyForDeploymentPostprocessing = 0;
		};
		781F8C992C5EDE4000C59591 /* Sources */ = {
			isa = PBXSourcesBuildPhase;
			buildActionMask = 2147483647;
			files = (
				781F8CA22C5EDE4000C59591 /* AfricaTests.swift in Sources */,
			);
			runOnlyForDeploymentPostprocessing = 0;
		};
		781F8CA32C5EDE4000C59591 /* Sources */ = {
			isa = PBXSourcesBuildPhase;
			buildActionMask = 2147483647;
			files = (
				781F8CAE2C5EDE4000C59591 /* AfricaUITestsLaunchTests.swift in Sources */,
				781F8CAC2C5EDE4000C59591 /* AfricaUITests.swift in Sources */,
			);
			runOnlyForDeploymentPostprocessing = 0;
		};
/* End PBXSourcesBuildPhase section */

/* Begin PBXTargetDependency section */
		781F8C9F2C5EDE4000C59591 /* PBXTargetDependency */ = {
			isa = PBXTargetDependency;
			target = 781F8C8B2C5EDE3C00C59591 /* Africa */;
			targetProxy = 781F8C9E2C5EDE4000C59591 /* PBXContainerItemProxy */;
		};
		781F8CA92C5EDE4000C59591 /* PBXTargetDependency */ = {
			isa = PBXTargetDependency;
			target = 781F8C8B2C5EDE3C00C59591 /* Africa */;
			targetProxy = 781F8CA82C5EDE4000C59591 /* PBXContainerItemProxy */;
		};
/* End PBXTargetDependency section */

/* Begin XCBuildConfiguration section */
		781F8CAF2C5EDE4000C59591 /* Debug */ = {
			isa = XCBuildConfiguration;
			buildSettings = {
				ALWAYS_SEARCH_USER_PATHS = NO;
				ASSETCATALOG_COMPILER_GENERATE_SWIFT_ASSET_SYMBOL_EXTENSIONS = YES;
				CLANG_ANALYZER_NONNULL = YES;
				CLANG_ANALYZER_NUMBER_OBJECT_CONVERSION = YES_AGGRESSIVE;
				CLANG_CXX_LANGUAGE_STANDARD = "gnu++20";
				CLANG_ENABLE_MODULES = YES;
				CLANG_ENABLE_OBJC_ARC = YES;
				CLANG_ENABLE_OBJC_WEAK = YES;
				CLANG_WARN_BLOCK_CAPTURE_AUTORELEASING = YES;
				CLANG_WARN_BOOL_CONVERSION = YES;
				CLANG_WARN_COMMA = YES;
				CLANG_WARN_CONSTANT_CONVERSION = YES;
				CLANG_WARN_DEPRECATED_OBJC_IMPLEMENTATIONS = YES;
				CLANG_WARN_DIRECT_OBJC_ISA_USAGE = YES_ERROR;
				CLANG_WARN_DOCUMENTATION_COMMENTS = YES;
				CLANG_WARN_EMPTY_BODY = YES;
				CLANG_WARN_ENUM_CONVERSION = YES;
				CLANG_WARN_INFINITE_RECURSION = YES;
				CLANG_WARN_INT_CONVERSION = YES;
				CLANG_WARN_NON_LITERAL_NULL_CONVERSION = YES;
				CLANG_WARN_OBJC_IMPLICIT_RETAIN_SELF = YES;
				CLANG_WARN_OBJC_LITERAL_CONVERSION = YES;
				CLANG_WARN_OBJC_ROOT_CLASS = YES_ERROR;
				CLANG_WARN_QUOTED_INCLUDE_IN_FRAMEWORK_HEADER = YES;
				CLANG_WARN_RANGE_LOOP_ANALYSIS = YES;
				CLANG_WARN_STRICT_PROTOTYPES = YES;
				CLANG_WARN_SUSPICIOUS_MOVE = YES;
				CLANG_WARN_UNGUARDED_AVAILABILITY = YES_AGGRESSIVE;
				CLANG_WARN_UNREACHABLE_CODE = YES;
				CLANG_WARN__DUPLICATE_METHOD_MATCH = YES;
				COPY_PHASE_STRIP = NO;
				DEBUG_INFORMATION_FORMAT = dwarf;
				ENABLE_STRICT_OBJC_MSGSEND = YES;
				ENABLE_TESTABILITY = YES;
				ENABLE_USER_SCRIPT_SANDBOXING = YES;
				GCC_C_LANGUAGE_STANDARD = gnu17;
				GCC_DYNAMIC_NO_PIC = NO;
				GCC_NO_COMMON_BLOCKS = YES;
				GCC_OPTIMIZATION_LEVEL = 0;
				GCC_PREPROCESSOR_DEFINITIONS = (
					"DEBUG=1",
					"$(inherited)",
				);
				GCC_WARN_64_TO_32_BIT_CONVERSION = YES;
				GCC_WARN_ABOUT_RETURN_TYPE = YES_ERROR;
				GCC_WARN_UNDECLARED_SELECTOR = YES;
				GCC_WARN_UNINITIALIZED_AUTOS = YES_AGGRESSIVE;
				GCC_WARN_UNUSED_FUNCTION = YES;
				GCC_WARN_UNUSED_VARIABLE = YES;
				LOCALIZATION_PREFERS_STRING_CATALOGS = YES;
				MTL_ENABLE_DEBUG_INFO = INCLUDE_SOURCE;
				MTL_FAST_MATH = YES;
				ONLY_ACTIVE_ARCH = YES;
				SWIFT_ACTIVE_COMPILATION_CONDITIONS = "DEBUG $(inherited)";
				SWIFT_OPTIMIZATION_LEVEL = "-Onone";
			};
			name = Debug;
		};
		781F8CB02C5EDE4000C59591 /* Release */ = {
			isa = XCBuildConfiguration;
			buildSettings = {
				ALWAYS_SEARCH_USER_PATHS = NO;
				ASSETCATALOG_COMPILER_GENERATE_SWIFT_ASSET_SYMBOL_EXTENSIONS = YES;
				CLANG_ANALYZER_NONNULL = YES;
				CLANG_ANALYZER_NUMBER_OBJECT_CONVERSION = YES_AGGRESSIVE;
				CLANG_CXX_LANGUAGE_STANDARD = "gnu++20";
				CLANG_ENABLE_MODULES = YES;
				CLANG_ENABLE_OBJC_ARC = YES;
				CLANG_ENABLE_OBJC_WEAK = YES;
				CLANG_WARN_BLOCK_CAPTURE_AUTORELEASING = YES;
				CLANG_WARN_BOOL_CONVERSION = YES;
				CLANG_WARN_COMMA = YES;
				CLANG_WARN_CONSTANT_CONVERSION = YES;
				CLANG_WARN_DEPRECATED_OBJC_IMPLEMENTATIONS = YES;
				CLANG_WARN_DIRECT_OBJC_ISA_USAGE = YES_ERROR;
				CLANG_WARN_DOCUMENTATION_COMMENTS = YES;
				CLANG_WARN_EMPTY_BODY = YES;
				CLANG_WARN_ENUM_CONVERSION = YES;
				CLANG_WARN_INFINITE_RECURSION = YES;
				CLANG_WARN_INT_CONVERSION = YES;
				CLANG_WARN_NON_LITERAL_NULL_CONVERSION = YES;
				CLANG_WARN_OBJC_IMPLICIT_RETAIN_SELF = YES;
				CLANG_WARN_OBJC_LITERAL_CONVERSION = YES;
				CLANG_WARN_OBJC_ROOT_CLASS = YES_ERROR;
				CLANG_WARN_QUOTED_INCLUDE_IN_FRAMEWORK_HEADER = YES;
				CLANG_WARN_RANGE_LOOP_ANALYSIS = YES;
				CLANG_WARN_STRICT_PROTOTYPES = YES;
				CLANG_WARN_SUSPICIOUS_MOVE = YES;
				CLANG_WARN_UNGUARDED_AVAILABILITY = YES_AGGRESSIVE;
				CLANG_WARN_UNREACHABLE_CODE = YES;
				CLANG_WARN__DUPLICATE_METHOD_MATCH = YES;
				COPY_PHASE_STRIP = NO;
				DEBUG_INFORMATION_FORMAT = "dwarf-with-dsym";
				ENABLE_NS_ASSERTIONS = NO;
				ENABLE_STRICT_OBJC_MSGSEND = YES;
				ENABLE_USER_SCRIPT_SANDBOXING = YES;
				GCC_C_LANGUAGE_STANDARD = gnu17;
				GCC_NO_COMMON_BLOCKS = YES;
				GCC_WARN_64_TO_32_BIT_CONVERSION = YES;
				GCC_WARN_ABOUT_RETURN_TYPE = YES_ERROR;
				GCC_WARN_UNDECLARED_SELECTOR = YES;
				GCC_WARN_UNINITIALIZED_AUTOS = YES_AGGRESSIVE;
				GCC_WARN_UNUSED_FUNCTION = YES;
				GCC_WARN_UNUSED_VARIABLE = YES;
				LOCALIZATION_PREFERS_STRING_CATALOGS = YES;
				MTL_ENABLE_DEBUG_INFO = NO;
				MTL_FAST_MATH = YES;
				SWIFT_COMPILATION_MODE = wholemodule;
			};
			name = Release;
		};
		781F8CB22C5EDE4000C59591 /* Debug */ = {
			isa = XCBuildConfiguration;
			buildSettings = {
				ASSETCATALOG_COMPILER_APPICON_NAME = AppIcon;
				ASSETCATALOG_COMPILER_GLOBAL_ACCENT_COLOR_NAME = AccentColor;
				CODE_SIGN_ENTITLEMENTS = Africa/Africa.entitlements;
				CODE_SIGN_STYLE = Automatic;
				CURRENT_PROJECT_VERSION = 1;
				DEVELOPMENT_ASSET_PATHS = "\"Africa/Preview Content\"";
				DEVELOPMENT_TEAM = KUM28Q3L29;
				ENABLE_HARDENED_RUNTIME = YES;
				ENABLE_PREVIEWS = YES;
				GENERATE_INFOPLIST_FILE = YES;
				"INFOPLIST_KEY_UIApplicationSceneManifest_Generation[sdk=iphoneos*]" = YES;
				"INFOPLIST_KEY_UIApplicationSceneManifest_Generation[sdk=iphonesimulator*]" = YES;
				"INFOPLIST_KEY_UIApplicationSupportsIndirectInputEvents[sdk=iphoneos*]" = YES;
				"INFOPLIST_KEY_UIApplicationSupportsIndirectInputEvents[sdk=iphonesimulator*]" = YES;
				"INFOPLIST_KEY_UILaunchScreen_Generation[sdk=iphoneos*]" = YES;
				"INFOPLIST_KEY_UILaunchScreen_Generation[sdk=iphonesimulator*]" = YES;
				"INFOPLIST_KEY_UIStatusBarStyle[sdk=iphoneos*]" = UIStatusBarStyleDefault;
				"INFOPLIST_KEY_UIStatusBarStyle[sdk=iphonesimulator*]" = UIStatusBarStyleDefault;
				INFOPLIST_KEY_UISupportedInterfaceOrientations_iPad = "UIInterfaceOrientationPortrait UIInterfaceOrientationPortraitUpsideDown UIInterfaceOrientationLandscapeLeft UIInterfaceOrientationLandscapeRight";
				INFOPLIST_KEY_UISupportedInterfaceOrientations_iPhone = "UIInterfaceOrientationPortrait UIInterfaceOrientationLandscapeLeft UIInterfaceOrientationLandscapeRight";
				IPHONEOS_DEPLOYMENT_TARGET = 17.2;
				LD_RUNPATH_SEARCH_PATHS = "@executable_path/Frameworks";
				"LD_RUNPATH_SEARCH_PATHS[sdk=macosx*]" = "@executable_path/../Frameworks";
				MACOSX_DEPLOYMENT_TARGET = 13.6;
				MARKETING_VERSION = 1.0;
				PRODUCT_BUNDLE_IDENTIFIER = br.com.tsabian.app.ios.Africa;
				PRODUCT_NAME = "$(TARGET_NAME)";
				SDKROOT = auto;
				SUPPORTED_PLATFORMS = "iphoneos iphonesimulator macosx";
				SWIFT_EMIT_LOC_STRINGS = YES;
				SWIFT_VERSION = 5.0;
				TARGETED_DEVICE_FAMILY = "1,2";
			};
			name = Debug;
		};
		781F8CB32C5EDE4000C59591 /* Release */ = {
			isa = XCBuildConfiguration;
			buildSettings = {
				ASSETCATALOG_COMPILER_APPICON_NAME = AppIcon;
				ASSETCATALOG_COMPILER_GLOBAL_ACCENT_COLOR_NAME = AccentColor;
				CODE_SIGN_ENTITLEMENTS = Africa/Africa.entitlements;
				CODE_SIGN_STYLE = Automatic;
				CURRENT_PROJECT_VERSION = 1;
				DEVELOPMENT_ASSET_PATHS = "\"Africa/Preview Content\"";
				DEVELOPMENT_TEAM = KUM28Q3L29;
				ENABLE_HARDENED_RUNTIME = YES;
				ENABLE_PREVIEWS = YES;
				GENERATE_INFOPLIST_FILE = YES;
				"INFOPLIST_KEY_UIApplicationSceneManifest_Generation[sdk=iphoneos*]" = YES;
				"INFOPLIST_KEY_UIApplicationSceneManifest_Generation[sdk=iphonesimulator*]" = YES;
				"INFOPLIST_KEY_UIApplicationSupportsIndirectInputEvents[sdk=iphoneos*]" = YES;
				"INFOPLIST_KEY_UIApplicationSupportsIndirectInputEvents[sdk=iphonesimulator*]" = YES;
				"INFOPLIST_KEY_UILaunchScreen_Generation[sdk=iphoneos*]" = YES;
				"INFOPLIST_KEY_UILaunchScreen_Generation[sdk=iphonesimulator*]" = YES;
				"INFOPLIST_KEY_UIStatusBarStyle[sdk=iphoneos*]" = UIStatusBarStyleDefault;
				"INFOPLIST_KEY_UIStatusBarStyle[sdk=iphonesimulator*]" = UIStatusBarStyleDefault;
				INFOPLIST_KEY_UISupportedInterfaceOrientations_iPad = "UIInterfaceOrientationPortrait UIInterfaceOrientationPortraitUpsideDown UIInterfaceOrientationLandscapeLeft UIInterfaceOrientationLandscapeRight";
				INFOPLIST_KEY_UISupportedInterfaceOrientations_iPhone = "UIInterfaceOrientationPortrait UIInterfaceOrientationLandscapeLeft UIInterfaceOrientationLandscapeRight";
				IPHONEOS_DEPLOYMENT_TARGET = 17.2;
				LD_RUNPATH_SEARCH_PATHS = "@executable_path/Frameworks";
				"LD_RUNPATH_SEARCH_PATHS[sdk=macosx*]" = "@executable_path/../Frameworks";
				MACOSX_DEPLOYMENT_TARGET = 13.6;
				MARKETING_VERSION = 1.0;
				PRODUCT_BUNDLE_IDENTIFIER = br.com.tsabian.app.ios.Africa;
				PRODUCT_NAME = "$(TARGET_NAME)";
				SDKROOT = auto;
				SUPPORTED_PLATFORMS = "iphoneos iphonesimulator macosx";
				SWIFT_EMIT_LOC_STRINGS = YES;
				SWIFT_VERSION = 5.0;
				TARGETED_DEVICE_FAMILY = "1,2";
			};
			name = Release;
		};
		781F8CB52C5EDE4000C59591 /* Debug */ = {
			isa = XCBuildConfiguration;
			buildSettings = {
				ALWAYS_EMBED_SWIFT_STANDARD_LIBRARIES = YES;
				BUNDLE_LOADER = "$(TEST_HOST)";
				CODE_SIGN_STYLE = Automatic;
				CURRENT_PROJECT_VERSION = 1;
				DEVELOPMENT_TEAM = KUM28Q3L29;
				GENERATE_INFOPLIST_FILE = YES;
				IPHONEOS_DEPLOYMENT_TARGET = 17.2;
				MACOSX_DEPLOYMENT_TARGET = 13.6;
				MARKETING_VERSION = 1.0;
				PRODUCT_BUNDLE_IDENTIFIER = br.com.tsabian.app.ios.AfricaTests;
				PRODUCT_NAME = "$(TARGET_NAME)";
				SDKROOT = auto;
				SUPPORTED_PLATFORMS = "iphoneos iphonesimulator macosx";
				SWIFT_EMIT_LOC_STRINGS = NO;
				SWIFT_VERSION = 5.0;
				TARGETED_DEVICE_FAMILY = "1,2";
				TEST_HOST = "$(BUILT_PRODUCTS_DIR)/Africa.app/$(BUNDLE_EXECUTABLE_FOLDER_PATH)/Africa";
			};
			name = Debug;
		};
		781F8CB62C5EDE4000C59591 /* Release */ = {
			isa = XCBuildConfiguration;
			buildSettings = {
				ALWAYS_EMBED_SWIFT_STANDARD_LIBRARIES = YES;
				BUNDLE_LOADER = "$(TEST_HOST)";
				CODE_SIGN_STYLE = Automatic;
				CURRENT_PROJECT_VERSION = 1;
				DEVELOPMENT_TEAM = KUM28Q3L29;
				GENERATE_INFOPLIST_FILE = YES;
				IPHONEOS_DEPLOYMENT_TARGET = 17.2;
				MACOSX_DEPLOYMENT_TARGET = 13.6;
				MARKETING_VERSION = 1.0;
				PRODUCT_BUNDLE_IDENTIFIER = br.com.tsabian.app.ios.AfricaTests;
				PRODUCT_NAME = "$(TARGET_NAME)";
				SDKROOT = auto;
				SUPPORTED_PLATFORMS = "iphoneos iphonesimulator macosx";
				SWIFT_EMIT_LOC_STRINGS = NO;
				SWIFT_VERSION = 5.0;
				TARGETED_DEVICE_FAMILY = "1,2";
				TEST_HOST = "$(BUILT_PRODUCTS_DIR)/Africa.app/$(BUNDLE_EXECUTABLE_FOLDER_PATH)/Africa";
			};
			name = Release;
		};
		781F8CB82C5EDE4000C59591 /* Debug */ = {
			isa = XCBuildConfiguration;
			buildSettings = {
				ALWAYS_EMBED_SWIFT_STANDARD_LIBRARIES = YES;
				CODE_SIGN_STYLE = Automatic;
				CURRENT_PROJECT_VERSION = 1;
				DEVELOPMENT_TEAM = KUM28Q3L29;
				GENERATE_INFOPLIST_FILE = YES;
				IPHONEOS_DEPLOYMENT_TARGET = 17.2;
				MACOSX_DEPLOYMENT_TARGET = 13.6;
				MARKETING_VERSION = 1.0;
				PRODUCT_BUNDLE_IDENTIFIER = br.com.tsabian.app.ios.AfricaUITests;
				PRODUCT_NAME = "$(TARGET_NAME)";
				SDKROOT = auto;
				SUPPORTED_PLATFORMS = "iphoneos iphonesimulator macosx";
				SWIFT_EMIT_LOC_STRINGS = NO;
				SWIFT_VERSION = 5.0;
				TARGETED_DEVICE_FAMILY = "1,2";
				TEST_TARGET_NAME = Africa;
			};
			name = Debug;
		};
		781F8CB92C5EDE4000C59591 /* Release */ = {
			isa = XCBuildConfiguration;
			buildSettings = {
				ALWAYS_EMBED_SWIFT_STANDARD_LIBRARIES = YES;
				CODE_SIGN_STYLE = Automatic;
				CURRENT_PROJECT_VERSION = 1;
				DEVELOPMENT_TEAM = KUM28Q3L29;
				GENERATE_INFOPLIST_FILE = YES;
				IPHONEOS_DEPLOYMENT_TARGET = 17.2;
				MACOSX_DEPLOYMENT_TARGET = 13.6;
				MARKETING_VERSION = 1.0;
				PRODUCT_BUNDLE_IDENTIFIER = br.com.tsabian.app.ios.AfricaUITests;
				PRODUCT_NAME = "$(TARGET_NAME)";
				SDKROOT = auto;
				SUPPORTED_PLATFORMS = "iphoneos iphonesimulator macosx";
				SWIFT_EMIT_LOC_STRINGS = NO;
				SWIFT_VERSION = 5.0;
				TARGETED_DEVICE_FAMILY = "1,2";
				TEST_TARGET_NAME = Africa;
			};
			name = Release;
		};
/* End XCBuildConfiguration section */

/* Begin XCConfigurationList section */
		781F8C872C5EDE3C00C59591 /* Build configuration list for PBXProject "Africa" */ = {
			isa = XCConfigurationList;
			buildConfigurations = (
				781F8CAF2C5EDE4000C59591 /* Debug */,
				781F8CB02C5EDE4000C59591 /* Release */,
			);
			defaultConfigurationIsVisible = 0;
			defaultConfigurationName = Release;
		};
		781F8CB12C5EDE4000C59591 /* Build configuration list for PBXNativeTarget "Africa" */ = {
			isa = XCConfigurationList;
			buildConfigurations = (
				781F8CB22C5EDE4000C59591 /* Debug */,
				781F8CB32C5EDE4000C59591 /* Release */,
			);
			defaultConfigurationIsVisible = 0;
			defaultConfigurationName = Release;
		};
		781F8CB42C5EDE4000C59591 /* Build configuration list for PBXNativeTarget "AfricaTests" */ = {
			isa = XCConfigurationList;
			buildConfigurations = (
				781F8CB52C5EDE4000C59591 /* Debug */,
				781F8CB62C5EDE4000C59591 /* Release */,
			);
			defaultConfigurationIsVisible = 0;
			defaultConfigurationName = Release;
		};
		781F8CB72C5EDE4000C59591 /* Build configuration list for PBXNativeTarget "AfricaUITests" */ = {
			isa = XCConfigurationList;
			buildConfigurations = (
				781F8CB82C5EDE4000C59591 /* Debug */,
				781F8CB92C5EDE4000C59591 /* Release */,
			);
			defaultConfigurationIsVisible = 0;
			defaultConfigurationName = Release;
		};
/* End XCConfigurationList section */
	};
	rootObject = 781F8C842C5EDE3C00C59591 /* Project object */;
}
